{
    "_readme": [
        "This file locks the dependencies of your project to a known state",
        "Read more about it at https://getcomposer.org/doc/01-basic-usage.md#installing-dependencies",
        "This file is @generated automatically"
    ],
    "content-hash": "69a16ed0fb8330c4c9cf03584bfdec96",
    "packages": [
        {
            "name": "facebook/graph-sdk",
            "version": "5.7.0",
            "source": {
                "type": "git",
                "url": "https://github.com/facebook/php-graph-sdk.git",
                "reference": "2d8250638b33d73e7a87add65f47fabf91f8ad9b"
            },
            "dist": {
                "type": "zip",
                "url": "https://api.github.com/repos/facebook/php-graph-sdk/zipball/2d8250638b33d73e7a87add65f47fabf91f8ad9b",
                "reference": "2d8250638b33d73e7a87add65f47fabf91f8ad9b",
                "shasum": ""
            },
            "require": {
                "php": "^5.4|^7.0"
            },
            "require-dev": {
                "guzzlehttp/guzzle": "~5.0",
                "mockery/mockery": "~0.8",
                "phpunit/phpunit": "~4.0"
            },
            "suggest": {
                "guzzlehttp/guzzle": "Allows for implementation of the Guzzle HTTP client",
                "paragonie/random_compat": "Provides a better CSPRNG option in PHP 5"
            },
            "type": "library",
            "extra": {
                "branch-alias": {
                    "dev-master": "5.x-dev"
                }
            },
            "autoload": {
                "psr-4": {
                    "Facebook\\": "src/Facebook/"
                },
                "files": [
                    "src/Facebook/polyfills.php"
                ]
            },
            "notification-url": "https://packagist.org/downloads/",
            "license": [
                "Facebook Platform"
            ],
            "authors": [
                {
                    "name": "Facebook",
                    "homepage": "https://github.com/facebook/php-graph-sdk/contributors"
                }
            ],
            "description": "Facebook SDK for PHP",
            "homepage": "https://github.com/facebook/php-graph-sdk",
            "keywords": [
                "facebook",
                "sdk"
            ],
            "time": "2018-12-11T22:56:31+00:00"
        },
        {
            "name": "phpmailer/phpmailer",
            "version": "v6.1.3",
            "source": {
                "type": "git",
                "url": "https://github.com/PHPMailer/PHPMailer.git",
                "reference": "a25ae38e03de4ee4031725498a600012364787c7"
            },
            "dist": {
                "type": "zip",
                "url": "https://api.github.com/repos/PHPMailer/PHPMailer/zipball/a25ae38e03de4ee4031725498a600012364787c7",
                "reference": "a25ae38e03de4ee4031725498a600012364787c7",
                "shasum": ""
            },
            "require": {
                "ext-ctype": "*",
                "ext-filter": "*",
                "php": ">=5.5.0"
            },
            "require-dev": {
                "doctrine/annotations": "^1.2",
                "friendsofphp/php-cs-fixer": "^2.2",
                "phpunit/phpunit": "^4.8 || ^5.7"
            },
            "suggest": {
                "ext-mbstring": "Needed to send email in multibyte encoding charset",
                "hayageek/oauth2-yahoo": "Needed for Yahoo XOAUTH2 authentication",
                "league/oauth2-google": "Needed for Google XOAUTH2 authentication",
                "psr/log": "For optional PSR-3 debug logging",
                "stevenmaguire/oauth2-microsoft": "Needed for Microsoft XOAUTH2 authentication",
                "symfony/polyfill-mbstring": "To support UTF-8 if the Mbstring PHP extension is not enabled (^1.2)"
            },
            "type": "library",
            "autoload": {
                "psr-4": {
                    "PHPMailer\\PHPMailer\\": "src/"
                }
            },
            "notification-url": "https://packagist.org/downloads/",
            "license": [
                "LGPL-2.1-only"
            ],
            "authors": [
                {
                    "name": "Marcus Bointon",
                    "email": "phpmailer@synchromedia.co.uk"
                },
                {
                    "name": "Jim Jagielski",
                    "email": "jimjag@gmail.com"
                },
                {
                    "name": "Andy Prevost",
                    "email": "codeworxtech@users.sourceforge.net"
                },
                {
                    "name": "Brent R. Matzelle"
                }
            ],
            "description": "PHPMailer is a full-featured email creation and transfer class for PHP",
            "time": "2019-11-21T09:37:46+00:00"
        },
        {
            "name": "rakit/validation",
            "version": "v1.2.0",
            "source": {
                "type": "git",
                "url": "https://github.com/rakit/validation.git",
                "reference": "d7710a2c8133d89b5640b79e832f370ad2d58767"
            },
            "dist": {
                "type": "zip",
                "url": "https://api.github.com/repos/rakit/validation/zipball/d7710a2c8133d89b5640b79e832f370ad2d58767",
                "reference": "d7710a2c8133d89b5640b79e832f370ad2d58767",
                "shasum": ""
            },
            "require": {
                "ext-mbstring": "*",
                "php": ">=7.0"
            },
            "require-dev": {
                "phpunit/phpunit": "^6.5",
                "squizlabs/php_codesniffer": "^3"
            },
            "type": "library",
            "autoload": {
                "psr-4": {
                    "Rakit\\Validation\\": "src"
                }
            },
            "notification-url": "https://packagist.org/downloads/",
            "license": [
                "MIT"
            ],
            "authors": [
                {
                    "name": "Muhammad Syifa",
                    "email": "emsifa@gmail.com"
                }
            ],
            "description": "PHP Laravel like standalone validation library",
            "time": "2019-07-10T03:20:16+00:00"
        },
        {
            "name": "sabre/event",
            "version": "5.0.3",
            "source": {
                "type": "git",
                "url": "https://github.com/sabre-io/event.git",
                "reference": "f5cf802d240df1257866d8813282b98aee3bc548"
            },
            "dist": {
                "type": "zip",
                "url": "https://api.github.com/repos/sabre-io/event/zipball/f5cf802d240df1257866d8813282b98aee3bc548",
                "reference": "f5cf802d240df1257866d8813282b98aee3bc548",
                "shasum": ""
            },
            "require": {
                "php": ">=7.0"
            },
            "require-dev": {
                "phpunit/phpunit": ">=6",
                "sabre/cs": "~1.0.0"
            },
            "type": "library",
            "autoload": {
                "psr-4": {
                    "Sabre\\Event\\": "lib/"
                },
                "files": [
                    "lib/coroutine.php",
                    "lib/Loop/functions.php",
                    "lib/Promise/functions.php"
                ]
            },
            "notification-url": "https://packagist.org/downloads/",
            "license": [
                "BSD-3-Clause"
            ],
            "authors": [
                {
                    "name": "Evert Pot",
                    "email": "me@evertpot.com",
                    "homepage": "http://evertpot.com/",
                    "role": "Developer"
                }
            ],
            "description": "sabre/event is a library for lightweight event-based programming",
            "homepage": "http://sabre.io/event/",
            "keywords": [
                "EventEmitter",
                "async",
                "coroutine",
                "eventloop",
                "events",
                "hooks",
                "plugin",
                "promise",
                "reactor",
                "signal"
            ],
            "time": "2018-03-05T13:55:47+00:00"
        },
        {
            "name": "sabre/http",
            "version": "5.0.5",
            "source": {
                "type": "git",
                "url": "https://github.com/sabre-io/http.git",
                "reference": "85962a2ed867e7e5beb9f9d3a15cd53cd521a09b"
            },
            "dist": {
                "type": "zip",
                "url": "https://api.github.com/repos/sabre-io/http/zipball/85962a2ed867e7e5beb9f9d3a15cd53cd521a09b",
                "reference": "85962a2ed867e7e5beb9f9d3a15cd53cd521a09b",
                "shasum": ""
            },
            "require": {
                "ext-ctype": "*",
                "ext-curl": "*",
                "ext-mbstring": "*",
                "php": "^7.0",
                "sabre/event": ">=4.0 <6.0",
                "sabre/uri": "^2.0"
            },
            "require-dev": {
                "phpunit/phpunit": "^6.0 || ^7.0"
            },
            "suggest": {
                "ext-curl": " to make http requests with the Client class"
            },
            "type": "library",
            "autoload": {
                "files": [
                    "lib/functions.php"
                ],
                "psr-4": {
                    "Sabre\\HTTP\\": "lib/"
                }
            },
            "notification-url": "https://packagist.org/downloads/",
            "license": [
                "BSD-3-Clause"
            ],
            "authors": [
                {
                    "name": "Evert Pot",
                    "email": "me@evertpot.com",
                    "homepage": "http://evertpot.com/",
                    "role": "Developer"
                }
            ],
            "description": "The sabre/http library provides utilities for dealing with http requests and responses. ",
            "homepage": "https://github.com/fruux/sabre-http",
            "keywords": [
                "http"
            ],
            "time": "2019-11-28T19:35:25+00:00"
        },
        {
            "name": "sabre/uri",
            "version": "2.1.3",
            "source": {
                "type": "git",
                "url": "https://github.com/sabre-io/uri.git",
                "reference": "18f454324f371cbcabdad3d0d3755b4b0182095d"
            },
            "dist": {
                "type": "zip",
                "url": "https://api.github.com/repos/sabre-io/uri/zipball/18f454324f371cbcabdad3d0d3755b4b0182095d",
                "reference": "18f454324f371cbcabdad3d0d3755b4b0182095d",
                "shasum": ""
            },
            "require": {
                "php": ">=7"
            },
            "require-dev": {
                "phpunit/phpunit": "^6"
            },
            "type": "library",
            "autoload": {
                "files": [
                    "lib/functions.php"
                ],
                "psr-4": {
                    "Sabre\\Uri\\": "lib/"
                }
            },
            "notification-url": "https://packagist.org/downloads/",
            "license": [
                "BSD-3-Clause"
            ],
            "authors": [
                {
                    "name": "Evert Pot",
                    "email": "me@evertpot.com",
                    "homepage": "http://evertpot.com/",
                    "role": "Developer"
                }
            ],
            "description": "Functions for making sense out of URIs.",
            "homepage": "http://sabre.io/uri/",
            "keywords": [
                "rfc3986",
                "uri",
                "url"
            ],
            "time": "2019-09-09T23:00:25+00:00"
        }
    ],
    "packages-dev": [],
    "aliases": [],
    "minimum-stability": "stable",
    "stability-flags": [],
    "prefer-stable": false,
    "prefer-lowest": false,
    "platform": [],
    "platform-dev": []
}
